
Microsoft Visual Studio Solution File, Format Version 12.00
# Visual Studio Version 17
VisualStudioVersion = 17.11.35303.130
MinimumVisualStudioVersion = 10.0.40219.1
Project("{2150E333-8FDC-42A3-9474-1A3956D46DE8}") = "Task0", "Task0", "{2FF25873-6597-4CD7-A50B-65F70922B37A}"
EndProject
Project("{FAE04EC0-301F-11D3-BF4B-00C04F79EFBC}") = "Tyuiu.FedotkinNE.Sprint0.Task0.V0", "Tyuiu.FedotkinNE.Sprint0.Task0.V0\Tyuiu.FedotkinNE.Sprint0.Task0.V0.csproj", "{C7038FEB-2E3B-45E4-9624-DA2BCA5CC8A0}"
EndProject
Project("{FAE04EC0-301F-11D3-BF4B-00C04F79EFBC}") = "Tyuiu.FedotkinNE.Sprint0.Task1.V0", "Tyuiu.FedotkinNE.Sprint0.Task1.V0\Tyuiu.FedotkinNE.Sprint0.Task1.V0.csproj", "{F372B56F-7EBA-466C-A0C5-C5AEA5F9E7D9}"
EndProject
Project("{FAE04EC0-301F-11D3-BF4B-00C04F79EFBC}") = "Tyuiu.FedotkinNE.Sprint0.Task2.V0", "Task2\Tyuiu.FedotkinNE.Sprint0.Task2.V0.csproj", "{9BA8891A-DBDD-4290-9916-E3E21848982F}"
EndProject
Project("{2150E333-8FDC-42A3-9474-1A3956D46DE8}") = "Task1", "Task1", "{04F952DF-660C-46AF-BA32-76A00CF46E0C}"
EndProject
Project("{2150E333-8FDC-42A3-9474-1A3956D46DE8}") = "Task2", "Task2", "{BABCBF8B-A8FF-4263-92B2-7709611E3828}"
EndProject
Project("{FAE04EC0-301F-11D3-BF4B-00C04F79EFBC}") = "Tyuiu.FedotkinNE.Sprint0.Task2.V0.Test", "Tyuiu.FedotkinNE.Sprint0.Task2.V0.Test\Tyuiu.FedotkinNE.Sprint0.Task2.V0.Test.csproj", "{82D3D5A3-145E-4EA8-A8E6-3D08128B5000}"
EndProject
Project("{FAE04EC0-301F-11D3-BF4B-00C04F79EFBC}") = "Tyuiu.FedotkinNE.Sprint0.Task0.V0.Lib", "Tyuiu.FedotkinNE.Sprint0.Task0.V0.Lib\Tyuiu.FedotkinNE.Sprint0.Task0.V0.Lib.csproj", "{DC99F07D-B037-479E-8AE7-BED5925D27BF}"
EndProject
Project("{2150E333-8FDC-42A3-9474-1A3956D46DE8}") = "Task3", "Task3", "{09329D7D-9F66-434B-9830-535D473F78C0}"
EndProject
Project("{FAE04EC0-301F-11D3-BF4B-00C04F79EFBC}") = "Tyuiu.FedotkinNE.Sprint0.Task3.V0", "Tyuiu.FedotkinNE.Sprint0.Task3.V0\Tyuiu.FedotkinNE.Sprint0.Task3.V0.csproj", "{5863355B-305A-4D09-AA3D-E6B6CEEDC552}"
EndProject
Project("{FAE04EC0-301F-11D3-BF4B-00C04F79EFBC}") = "Tyuiu.FedotkinNE.Sprint0.Task3.V0.Lib", "Tyuiu.FedotkinNE.Sprint0.Task3.V0.Lib\Tyuiu.FedotkinNE.Sprint0.Task3.V0.Lib.csproj", "{2D4B4661-F1BF-48F6-88BE-DF642E029308}"
EndProject
Project("{FAE04EC0-301F-11D3-BF4B-00C04F79EFBC}") = "Tyuiu.FedotkiNE.Sprint0.Task3.V0.Test", "Tyuiu.FedotkiNE.Sprint0.Task3.V0.Test\Tyuiu.FedotkiNE.Sprint0.Task3.V0.Test.csproj", "{B28713A3-C29C-456F-98D6-23AED446448D}"
EndProject
Project("{2150E333-8FDC-42A3-9474-1A3956D46DE8}") = "Task4", "Task4", "{80FBB600-7F26-42E1-85B4-3CA18792B2DD}"
EndProject
Project("{FAE04EC0-301F-11D3-BF4B-00C04F79EFBC}") = "Tyuiu.FedotkinNE.Sprint0.Task4.V0", "Tyuiu.FedotkinNE.Sprint0.Task4.V0\Tyuiu.FedotkinNE.Sprint0.Task4.V0.csproj", "{2C8320D2-5685-42D8-B12C-50B85AC12948}"
EndProject
Project("{FAE04EC0-301F-11D3-BF4B-00C04F79EFBC}") = "Tyuiu.FedotkinNE.Sprint0.Task4.V0.Lib", "Tyuiu.FedotkinNE.Sprint0.Task4.V0.Lib\Tyuiu.FedotkinNE.Sprint0.Task4.V0.Lib.csproj", "{DF7FCB6D-86FB-473F-9D12-5B30D32FD922}"
EndProject
Project("{FAE04EC0-301F-11D3-BF4B-00C04F79EFBC}") = "Tyuiu.FedotkinNE.Sprint0.Task4.V0.Test", "Tyuiu.FedotkinNE.Sprint0.Task4.V0.Test\Tyuiu.FedotkinNE.Sprint0.Task4.V0.Test.csproj", "{B1A320E4-7796-4B72-B0CB-62CC543C1B78}"
EndProject
Project("{2150E333-8FDC-42A3-9474-1A3956D46DE8}") = "Task5", "Task5", "{E153DE7D-355A-42AE-A888-C13AB1E8DFA9}"
EndProject
Project("{FAE04EC0-301F-11D3-BF4B-00C04F79EFBC}") = "Tyuiu.FedotkinNE.Sprint0.Task5.V0.Test", "Tyuiu.FedotkinNE.Sprint0.Task5.V0.Test\Tyuiu.FedotkinNE.Sprint0.Task5.V0.Test.csproj", "{E68CFBCD-C030-4895-B225-DB35D227A59C}"
EndProject
Project("{FAE04EC0-301F-11D3-BF4B-00C04F79EFBC}") = "Tyuiu.FedotkinNE.Sprint0.Task5.V0", "Tyuiu.FedotkinNE.Sprint0.Task5.V0\Tyuiu.FedotkinNE.Sprint0.Task5.V0.csproj", "{D50FC2E9-C850-4898-ACFA-21C92AD05D30}"
EndProject
Project("{FAE04EC0-301F-11D3-BF4B-00C04F79EFBC}") = "Tyuiu.FedotkinNE.Sprint0.Task5.V0.Lib", "Tyuiu.FedotkinNE.Sprint0.Task5.V0.Lib\Tyuiu.FedotkinNE.Sprint0.Task5.V0.Lib.csproj", "{3F52A8B1-28DE-4D2C-9D77-EF3204E6C598}"
EndProject
Project("{2150E333-8FDC-42A3-9474-1A3956D46DE8}") = "Task6", "Task6", "{3D452799-FE7E-45E4-B0BC-6F93E86337AE}"
EndProject
Project("{FAE04EC0-301F-11D3-BF4B-00C04F79EFBC}") = "Tyuiu.FedotkinNE.Sprint0.Task6.V0", "Tyuiu.FedotkinNE.Sprint0.Task6.V0\Tyuiu.FedotkinNE.Sprint0.Task6.V0.csproj", "{378E59A0-50EE-43A6-B4F7-38B6F6568EF7}"
EndProject
Project("{FAE04EC0-301F-11D3-BF4B-00C04F79EFBC}") = "Tyuiu.FedotkinNE.Sprint0.Task6.V0.Lib", "Tyuiu.FedotkinNE.Sprint0.Task6.V0.Lib\Tyuiu.FedotkinNE.Sprint0.Task6.V0.Lib.csproj", "{C567E4F4-AF0E-4737-B283-9DA4C93B75A9}"
EndProject
Project("{FAE04EC0-301F-11D3-BF4B-00C04F79EFBC}") = "Tyuiu.FedotkinNE.Sprint0.Task6.V0.Test", "Tyuiu.FedotkinNE.Sprint0.Task6.V0.Test\Tyuiu.FedotkinNE.Sprint0.Task6.V0.Test.csproj", "{BD229F38-42C3-48C5-87C5-F13E35768C90}"
EndProject
Global
	GlobalSection(SolutionConfigurationPlatforms) = preSolution
		Debug|Any CPU = Debug|Any CPU
		Release|Any CPU = Release|Any CPU
	EndGlobalSection
	GlobalSection(ProjectConfigurationPlatforms) = postSolution
		{C7038FEB-2E3B-45E4-9624-DA2BCA5CC8A0}.Debug|Any CPU.ActiveCfg = Debug|Any CPU
		{C7038FEB-2E3B-45E4-9624-DA2BCA5CC8A0}.Debug|Any CPU.Build.0 = Debug|Any CPU
		{C7038FEB-2E3B-45E4-9624-DA2BCA5CC8A0}.Release|Any CPU.ActiveCfg = Release|Any CPU
		{C7038FEB-2E3B-45E4-9624-DA2BCA5CC8A0}.Release|Any CPU.Build.0 = Release|Any CPU
		{F372B56F-7EBA-466C-A0C5-C5AEA5F9E7D9}.Debug|Any CPU.ActiveCfg = Debug|Any CPU
		{F372B56F-7EBA-466C-A0C5-C5AEA5F9E7D9}.Debug|Any CPU.Build.0 = Debug|Any CPU
		{F372B56F-7EBA-466C-A0C5-C5AEA5F9E7D9}.Release|Any CPU.ActiveCfg = Release|Any CPU
		{F372B56F-7EBA-466C-A0C5-C5AEA5F9E7D9}.Release|Any CPU.Build.0 = Release|Any CPU
		{9BA8891A-DBDD-4290-9916-E3E21848982F}.Debug|Any CPU.ActiveCfg = Debug|Any CPU
		{9BA8891A-DBDD-4290-9916-E3E21848982F}.Debug|Any CPU.Build.0 = Debug|Any CPU
		{9BA8891A-DBDD-4290-9916-E3E21848982F}.Release|Any CPU.ActiveCfg = Release|Any CPU
		{9BA8891A-DBDD-4290-9916-E3E21848982F}.Release|Any CPU.Build.0 = Release|Any CPU
		{82D3D5A3-145E-4EA8-A8E6-3D08128B5000}.Debug|Any CPU.ActiveCfg = Debug|Any CPU
		{82D3D5A3-145E-4EA8-A8E6-3D08128B5000}.Debug|Any CPU.Build.0 = Debug|Any CPU
		{82D3D5A3-145E-4EA8-A8E6-3D08128B5000}.Release|Any CPU.ActiveCfg = Release|Any CPU
		{82D3D5A3-145E-4EA8-A8E6-3D08128B5000}.Release|Any CPU.Build.0 = Release|Any CPU
		{DC99F07D-B037-479E-8AE7-BED5925D27BF}.Debug|Any CPU.ActiveCfg = Debug|Any CPU
		{DC99F07D-B037-479E-8AE7-BED5925D27BF}.Debug|Any CPU.Build.0 = Debug|Any CPU
		{DC99F07D-B037-479E-8AE7-BED5925D27BF}.Release|Any CPU.ActiveCfg = Release|Any CPU
		{DC99F07D-B037-479E-8AE7-BED5925D27BF}.Release|Any CPU.Build.0 = Release|Any CPU
		{5863355B-305A-4D09-AA3D-E6B6CEEDC552}.Debug|Any CPU.ActiveCfg = Debug|Any CPU
		{5863355B-305A-4D09-AA3D-E6B6CEEDC552}.Debug|Any CPU.Build.0 = Debug|Any CPU
		{5863355B-305A-4D09-AA3D-E6B6CEEDC552}.Release|Any CPU.ActiveCfg = Release|Any CPU
		{5863355B-305A-4D09-AA3D-E6B6CEEDC552}.Release|Any CPU.Build.0 = Release|Any CPU
		{2D4B4661-F1BF-48F6-88BE-DF642E029308}.Debug|Any CPU.ActiveCfg = Debug|Any CPU
		{2D4B4661-F1BF-48F6-88BE-DF642E029308}.Debug|Any CPU.Build.0 = Debug|Any CPU
		{2D4B4661-F1BF-48F6-88BE-DF642E029308}.Release|Any CPU.ActiveCfg = Release|Any CPU
		{2D4B4661-F1BF-48F6-88BE-DF642E029308}.Release|Any CPU.Build.0 = Release|Any CPU
		{B28713A3-C29C-456F-98D6-23AED446448D}.Debug|Any CPU.ActiveCfg = Debug|Any CPU
		{B28713A3-C29C-456F-98D6-23AED446448D}.Debug|Any CPU.Build.0 = Debug|Any CPU
		{B28713A3-C29C-456F-98D6-23AED446448D}.Release|Any CPU.ActiveCfg = Release|Any CPU
		{B28713A3-C29C-456F-98D6-23AED446448D}.Release|Any CPU.Build.0 = Release|Any CPU
		{2C8320D2-5685-42D8-B12C-50B85AC12948}.Debug|Any CPU.ActiveCfg = Debug|Any CPU
		{2C8320D2-5685-42D8-B12C-50B85AC12948}.Debug|Any CPU.Build.0 = Debug|Any CPU
		{2C8320D2-5685-42D8-B12C-50B85AC12948}.Release|Any CPU.ActiveCfg = Release|Any CPU
		{2C8320D2-5685-42D8-B12C-50B85AC12948}.Release|Any CPU.Build.0 = Release|Any CPU
		{DF7FCB6D-86FB-473F-9D12-5B30D32FD922}.Debug|Any CPU.ActiveCfg = Debug|Any CPU
		{DF7FCB6D-86FB-473F-9D12-5B30D32FD922}.Debug|Any CPU.Build.0 = Debug|Any CPU
		{DF7FCB6D-86FB-473F-9D12-5B30D32FD922}.Release|Any CPU.ActiveCfg = Release|Any CPU
		{DF7FCB6D-86FB-473F-9D12-5B30D32FD922}.Release|Any CPU.Build.0 = Release|Any CPU
		{B1A320E4-7796-4B72-B0CB-62CC543C1B78}.Debug|Any CPU.ActiveCfg = Debug|Any CPU
		{B1A320E4-7796-4B72-B0CB-62CC543C1B78}.Debug|Any CPU.Build.0 = Debug|Any CPU
		{B1A320E4-7796-4B72-B0CB-62CC543C1B78}.Release|Any CPU.ActiveCfg = Release|Any CPU
		{B1A320E4-7796-4B72-B0CB-62CC543C1B78}.Release|Any CPU.Build.0 = Release|Any CPU
		{E68CFBCD-C030-4895-B225-DB35D227A59C}.Debug|Any CPU.ActiveCfg = Debug|Any CPU
		{E68CFBCD-C030-4895-B225-DB35D227A59C}.Debug|Any CPU.Build.0 = Debug|Any CPU
		{E68CFBCD-C030-4895-B225-DB35D227A59C}.Release|Any CPU.ActiveCfg = Release|Any CPU
		{E68CFBCD-C030-4895-B225-DB35D227A59C}.Release|Any CPU.Build.0 = Release|Any CPU
		{D50FC2E9-C850-4898-ACFA-21C92AD05D30}.Debug|Any CPU.ActiveCfg = Debug|Any CPU
		{D50FC2E9-C850-4898-ACFA-21C92AD05D30}.Debug|Any CPU.Build.0 = Debug|Any CPU
		{D50FC2E9-C850-4898-ACFA-21C92AD05D30}.Release|Any CPU.ActiveCfg = Release|Any CPU
		{D50FC2E9-C850-4898-ACFA-21C92AD05D30}.Release|Any CPU.Build.0 = Release|Any CPU
		{3F52A8B1-28DE-4D2C-9D77-EF3204E6C598}.Debug|Any CPU.ActiveCfg = Debug|Any CPU
		{3F52A8B1-28DE-4D2C-9D77-EF3204E6C598}.Debug|Any CPU.Build.0 = Debug|Any CPU
		{3F52A8B1-28DE-4D2C-9D77-EF3204E6C598}.Release|Any CPU.ActiveCfg = Release|Any CPU
		{3F52A8B1-28DE-4D2C-9D77-EF3204E6C598}.Release|Any CPU.Build.0 = Release|Any CPU
		{378E59A0-50EE-43A6-B4F7-38B6F6568EF7}.Debug|Any CPU.ActiveCfg = Debug|Any CPU
		{378E59A0-50EE-43A6-B4F7-38B6F6568EF7}.Debug|Any CPU.Build.0 = Debug|Any CPU
		{378E59A0-50EE-43A6-B4F7-38B6F6568EF7}.Release|Any CPU.ActiveCfg = Release|Any CPU
		{378E59A0-50EE-43A6-B4F7-38B6F6568EF7}.Release|Any CPU.Build.0 = Release|Any CPU
		{C567E4F4-AF0E-4737-B283-9DA4C93B75A9}.Debug|Any CPU.ActiveCfg = Debug|Any CPU
		{C567E4F4-AF0E-4737-B283-9DA4C93B75A9}.Debug|Any CPU.Build.0 = Debug|Any CPU
		{C567E4F4-AF0E-4737-B283-9DA4C93B75A9}.Release|Any CPU.ActiveCfg = Release|Any CPU
		{C567E4F4-AF0E-4737-B283-9DA4C93B75A9}.Release|Any CPU.Build.0 = Release|Any CPU
		{BD229F38-42C3-48C5-87C5-F13E35768C90}.Debug|Any CPU.ActiveCfg = Debug|Any CPU
		{BD229F38-42C3-48C5-87C5-F13E35768C90}.Debug|Any CPU.Build.0 = Debug|Any CPU
		{BD229F38-42C3-48C5-87C5-F13E35768C90}.Release|Any CPU.ActiveCfg = Release|Any CPU
		{BD229F38-42C3-48C5-87C5-F13E35768C90}.Release|Any CPU.Build.0 = Release|Any CPU
	EndGlobalSection
	GlobalSection(SolutionProperties) = preSolution
		HideSolutionNode = FALSE
	EndGlobalSection
	GlobalSection(NestedProjects) = preSolution
		{C7038FEB-2E3B-45E4-9624-DA2BCA5CC8A0} = {2FF25873-6597-4CD7-A50B-65F70922B37A}
		{F372B56F-7EBA-466C-A0C5-C5AEA5F9E7D9} = {04F952DF-660C-46AF-BA32-76A00CF46E0C}
		{9BA8891A-DBDD-4290-9916-E3E21848982F} = {BABCBF8B-A8FF-4263-92B2-7709611E3828}
		{82D3D5A3-145E-4EA8-A8E6-3D08128B5000} = {BABCBF8B-A8FF-4263-92B2-7709611E3828}
		{DC99F07D-B037-479E-8AE7-BED5925D27BF} = {BABCBF8B-A8FF-4263-92B2-7709611E3828}
		{5863355B-305A-4D09-AA3D-E6B6CEEDC552} = {09329D7D-9F66-434B-9830-535D473F78C0}
		{2D4B4661-F1BF-48F6-88BE-DF642E029308} = {09329D7D-9F66-434B-9830-535D473F78C0}
		{B28713A3-C29C-456F-98D6-23AED446448D} = {09329D7D-9F66-434B-9830-535D473F78C0}
		{2C8320D2-5685-42D8-B12C-50B85AC12948} = {80FBB600-7F26-42E1-85B4-3CA18792B2DD}
		{DF7FCB6D-86FB-473F-9D12-5B30D32FD922} = {80FBB600-7F26-42E1-85B4-3CA18792B2DD}
		{B1A320E4-7796-4B72-B0CB-62CC543C1B78} = {80FBB600-7F26-42E1-85B4-3CA18792B2DD}
		{E68CFBCD-C030-4895-B225-DB35D227A59C} = {E153DE7D-355A-42AE-A888-C13AB1E8DFA9}
		{D50FC2E9-C850-4898-ACFA-21C92AD05D30} = {E153DE7D-355A-42AE-A888-C13AB1E8DFA9}
		{3F52A8B1-28DE-4D2C-9D77-EF3204E6C598} = {E153DE7D-355A-42AE-A888-C13AB1E8DFA9}
		{378E59A0-50EE-43A6-B4F7-38B6F6568EF7} = {3D452799-FE7E-45E4-B0BC-6F93E86337AE}
		{C567E4F4-AF0E-4737-B283-9DA4C93B75A9} = {3D452799-FE7E-45E4-B0BC-6F93E86337AE}
		{BD229F38-42C3-48C5-87C5-F13E35768C90} = {3D452799-FE7E-45E4-B0BC-6F93E86337AE}
	EndGlobalSection
	GlobalSection(ExtensibilityGlobals) = postSolution
		SolutionGuid = {A25D5DAC-5DF0-4B17-84C8-B3039A2EC7B9}
	EndGlobalSection
EndGlobal
